
Microsoft Visual Studio Solution File, Format Version 12.00
# Visual Studio 2015
Project("{FAE04EC0-301F-11D3-BF4B-00C04F79EFBC}") = "Crimson_Realm", "Crimson_Realm.csproj", "{1522C2C6-AB77-92AB-A37C-1A558CE03BE8}"
EndProject
Global
	GlobalSection(SolutionConfigurationPlatforms) = preSolution
		Debug|Any CPU = Debug|Any CPU
		Release|Any CPU = Release|Any CPU
	EndGlobalSection
	GlobalSection(ProjectConfigurationPlatforms) = postSolution
		{1522C2C6-AB77-92AB-A37C-1A558CE03BE8}.Debug|Any CPU.ActiveCfg = Debug|Any CPU
		{1522C2C6-AB77-92AB-A37C-1A558CE03BE8}.Debug|Any CPU.Build.0 = Debug|Any CPU
		{1522C2C6-AB77-92AB-A37C-1A558CE03BE8}.Release|Any CPU.ActiveCfg = Release|Any CPU
		{1522C2C6-AB77-92AB-A37C-1A558CE03BE8}.Release|Any CPU.Build.0 = Release|Any CPU
	EndGlobalSection
	GlobalSection(SolutionProperties) = preSolution
		HideSolutionNode = FALSE
	EndGlobalSection
EndGlobal
